
Microsoft Visual Studio Solution File, Format Version 12.00
# Visual Studio 15
VisualStudioVersion = 15.0.26124.0
MinimumVisualStudioVersion = 15.0.26124.0
Project("{2150E333-8FDC-42A3-9474-1A3956D46DE8}") = "src", "src", "{FC16A82E-404B-47FF-B697-CF83DAD8C637}"
EndProject
Project("{FAE04EC0-301F-11D3-BF4B-00C04F79EFBC}") = "Toppings.Data", "src\Toppings.Data\Toppings.Data.csproj", "{D0A7514D-F288-4BD8-8F73-5849CF5943D9}"
EndProject
Project("{FAE04EC0-301F-11D3-BF4B-00C04F79EFBC}") = "Frontend", "src\Frontend\Frontend.csproj", "{73FFE172-CA77-4DDC-B748-B2D45334DFC7}"
EndProject
Project("{2150E333-8FDC-42A3-9474-1A3956D46DE8}") = "test", "test", "{B14318FC-513A-4B00-B523-C16956C9ACB9}"
EndProject
Project("{FAE04EC0-301F-11D3-BF4B-00C04F79EFBC}") = "TestHelpers", "test\TestHelpers\TestHelpers.csproj", "{38B2C4D3-8A9B-4750-8771-7F6B03252077}"
EndProject
Project("{FAE04EC0-301F-11D3-BF4B-00C04F79EFBC}") = "Orders.PubSub", "src\Orders.PubSub\Orders.PubSub.csproj", "{94BCC31D-3900-45AA-9AC5-AF782738C667}"
EndProject
Project("{2150E333-8FDC-42A3-9474-1A3956D46DE8}") = "files", "files", "{2E1F0229-94D0-434C-ACC6-3DB6F47AA8A0}"
	ProjectSection(SolutionItems) = preProject
		README.md = README.md
	EndProjectSection
EndProject
Project("{FAE04EC0-301F-11D3-BF4B-00C04F79EFBC}") = "Toppings", "src\Toppings\Toppings.csproj", "{030E8B32-22A3-4E7D-A2B1-CBD63B4A25EA}"
EndProject
Project("{FAE04EC0-301F-11D3-BF4B-00C04F79EFBC}") = "Toppings.Tests", "test\Toppings.Tests\Toppings.Tests.csproj", "{C4B885E0-A9F5-4C49-A53B-A1274DF36A51}"
EndProject
Project("{FAE04EC0-301F-11D3-BF4B-00C04F79EFBC}") = "Orders", "src\Orders\Orders.csproj", "{2B31AE5F-11E6-490E-B70A-69FF40D31C76}"
EndProject
Project("{FAE04EC0-301F-11D3-BF4B-00C04F79EFBC}") = "Orders.ShopConsole", "src\Orders.ShopConsole\Orders.ShopConsole.csproj", "{A21EAD38-FA35-440F-8B58-3FA3999A91E9}"
EndProject
Global
	GlobalSection(SolutionConfigurationPlatforms) = preSolution
		Debug|Any CPU = Debug|Any CPU
		Debug|x64 = Debug|x64
		Debug|x86 = Debug|x86
		Release|Any CPU = Release|Any CPU
		Release|x64 = Release|x64
		Release|x86 = Release|x86
	EndGlobalSection
	GlobalSection(SolutionProperties) = preSolution
		HideSolutionNode = FALSE
	EndGlobalSection
	GlobalSection(ProjectConfigurationPlatforms) = postSolution
		{D0A7514D-F288-4BD8-8F73-5849CF5943D9}.Debug|Any CPU.ActiveCfg = Debug|Any CPU
		{D0A7514D-F288-4BD8-8F73-5849CF5943D9}.Debug|Any CPU.Build.0 = Debug|Any CPU
		{D0A7514D-F288-4BD8-8F73-5849CF5943D9}.Debug|x64.ActiveCfg = Debug|Any CPU
		{D0A7514D-F288-4BD8-8F73-5849CF5943D9}.Debug|x64.Build.0 = Debug|Any CPU
		{D0A7514D-F288-4BD8-8F73-5849CF5943D9}.Debug|x86.ActiveCfg = Debug|Any CPU
		{D0A7514D-F288-4BD8-8F73-5849CF5943D9}.Debug|x86.Build.0 = Debug|Any CPU
		{D0A7514D-F288-4BD8-8F73-5849CF5943D9}.Release|Any CPU.ActiveCfg = Release|Any CPU
		{D0A7514D-F288-4BD8-8F73-5849CF5943D9}.Release|Any CPU.Build.0 = Release|Any CPU
		{D0A7514D-F288-4BD8-8F73-5849CF5943D9}.Release|x64.ActiveCfg = Release|Any CPU
		{D0A7514D-F288-4BD8-8F73-5849CF5943D9}.Release|x64.Build.0 = Release|Any CPU
		{D0A7514D-F288-4BD8-8F73-5849CF5943D9}.Release|x86.ActiveCfg = Release|Any CPU
		{D0A7514D-F288-4BD8-8F73-5849CF5943D9}.Release|x86.Build.0 = Release|Any CPU
		{73FFE172-CA77-4DDC-B748-B2D45334DFC7}.Debug|Any CPU.ActiveCfg = Debug|Any CPU
		{73FFE172-CA77-4DDC-B748-B2D45334DFC7}.Debug|Any CPU.Build.0 = Debug|Any CPU
		{73FFE172-CA77-4DDC-B748-B2D45334DFC7}.Debug|x64.ActiveCfg = Debug|Any CPU
		{73FFE172-CA77-4DDC-B748-B2D45334DFC7}.Debug|x64.Build.0 = Debug|Any CPU
		{73FFE172-CA77-4DDC-B748-B2D45334DFC7}.Debug|x86.ActiveCfg = Debug|Any CPU
		{73FFE172-CA77-4DDC-B748-B2D45334DFC7}.Debug|x86.Build.0 = Debug|Any CPU
		{73FFE172-CA77-4DDC-B748-B2D45334DFC7}.Release|Any CPU.ActiveCfg = Release|Any CPU
		{73FFE172-CA77-4DDC-B748-B2D45334DFC7}.Release|Any CPU.Build.0 = Release|Any CPU
		{73FFE172-CA77-4DDC-B748-B2D45334DFC7}.Release|x64.ActiveCfg = Release|Any CPU
		{73FFE172-CA77-4DDC-B748-B2D45334DFC7}.Release|x64.Build.0 = Release|Any CPU
		{73FFE172-CA77-4DDC-B748-B2D45334DFC7}.Release|x86.ActiveCfg = Release|Any CPU
		{73FFE172-CA77-4DDC-B748-B2D45334DFC7}.Release|x86.Build.0 = Release|Any CPU
		{38B2C4D3-8A9B-4750-8771-7F6B03252077}.Debug|Any CPU.ActiveCfg = Debug|Any CPU
		{38B2C4D3-8A9B-4750-8771-7F6B03252077}.Debug|Any CPU.Build.0 = Debug|Any CPU
		{38B2C4D3-8A9B-4750-8771-7F6B03252077}.Debug|x64.ActiveCfg = Debug|Any CPU
		{38B2C4D3-8A9B-4750-8771-7F6B03252077}.Debug|x64.Build.0 = Debug|Any CPU
		{38B2C4D3-8A9B-4750-8771-7F6B03252077}.Debug|x86.ActiveCfg = Debug|Any CPU
		{38B2C4D3-8A9B-4750-8771-7F6B03252077}.Debug|x86.Build.0 = Debug|Any CPU
		{38B2C4D3-8A9B-4750-8771-7F6B03252077}.Release|Any CPU.ActiveCfg = Release|Any CPU
		{38B2C4D3-8A9B-4750-8771-7F6B03252077}.Release|Any CPU.Build.0 = Release|Any CPU
		{38B2C4D3-8A9B-4750-8771-7F6B03252077}.Release|x64.ActiveCfg = Release|Any CPU
		{38B2C4D3-8A9B-4750-8771-7F6B03252077}.Release|x64.Build.0 = Release|Any CPU
		{38B2C4D3-8A9B-4750-8771-7F6B03252077}.Release|x86.ActiveCfg = Release|Any CPU
		{38B2C4D3-8A9B-4750-8771-7F6B03252077}.Release|x86.Build.0 = Release|Any CPU
		{94BCC31D-3900-45AA-9AC5-AF782738C667}.Debug|Any CPU.ActiveCfg = Debug|Any CPU
		{94BCC31D-3900-45AA-9AC5-AF782738C667}.Debug|Any CPU.Build.0 = Debug|Any CPU
		{94BCC31D-3900-45AA-9AC5-AF782738C667}.Debug|x64.ActiveCfg = Debug|Any CPU
		{94BCC31D-3900-45AA-9AC5-AF782738C667}.Debug|x64.Build.0 = Debug|Any CPU
		{94BCC31D-3900-45AA-9AC5-AF782738C667}.Debug|x86.ActiveCfg = Debug|Any CPU
		{94BCC31D-3900-45AA-9AC5-AF782738C667}.Debug|x86.Build.0 = Debug|Any CPU
		{94BCC31D-3900-45AA-9AC5-AF782738C667}.Release|Any CPU.ActiveCfg = Release|Any CPU
		{94BCC31D-3900-45AA-9AC5-AF782738C667}.Release|Any CPU.Build.0 = Release|Any CPU
		{94BCC31D-3900-45AA-9AC5-AF782738C667}.Release|x64.ActiveCfg = Release|Any CPU
		{94BCC31D-3900-45AA-9AC5-AF782738C667}.Release|x64.Build.0 = Release|Any CPU
		{94BCC31D-3900-45AA-9AC5-AF782738C667}.Release|x86.ActiveCfg = Release|Any CPU
		{94BCC31D-3900-45AA-9AC5-AF782738C667}.Release|x86.Build.0 = Release|Any CPU
		{030E8B32-22A3-4E7D-A2B1-CBD63B4A25EA}.Debug|Any CPU.ActiveCfg = Debug|Any CPU
		{030E8B32-22A3-4E7D-A2B1-CBD63B4A25EA}.Debug|Any CPU.Build.0 = Debug|Any CPU
		{030E8B32-22A3-4E7D-A2B1-CBD63B4A25EA}.Debug|x64.ActiveCfg = Debug|Any CPU
		{030E8B32-22A3-4E7D-A2B1-CBD63B4A25EA}.Debug|x64.Build.0 = Debug|Any CPU
		{030E8B32-22A3-4E7D-A2B1-CBD63B4A25EA}.Debug|x86.ActiveCfg = Debug|Any CPU
		{030E8B32-22A3-4E7D-A2B1-CBD63B4A25EA}.Debug|x86.Build.0 = Debug|Any CPU
		{030E8B32-22A3-4E7D-A2B1-CBD63B4A25EA}.Release|Any CPU.ActiveCfg = Release|Any CPU
		{030E8B32-22A3-4E7D-A2B1-CBD63B4A25EA}.Release|Any CPU.Build.0 = Release|Any CPU
		{030E8B32-22A3-4E7D-A2B1-CBD63B4A25EA}.Release|x64.ActiveCfg = Release|Any CPU
		{030E8B32-22A3-4E7D-A2B1-CBD63B4A25EA}.Release|x64.Build.0 = Release|Any CPU
		{030E8B32-22A3-4E7D-A2B1-CBD63B4A25EA}.Release|x86.ActiveCfg = Release|Any CPU
		{030E8B32-22A3-4E7D-A2B1-CBD63B4A25EA}.Release|x86.Build.0 = Release|Any CPU
		{C4B885E0-A9F5-4C49-A53B-A1274DF36A51}.Debug|Any CPU.ActiveCfg = Debug|Any CPU
		{C4B885E0-A9F5-4C49-A53B-A1274DF36A51}.Debug|Any CPU.Build.0 = Debug|Any CPU
		{C4B885E0-A9F5-4C49-A53B-A1274DF36A51}.Debug|x64.ActiveCfg = Debug|Any CPU
		{C4B885E0-A9F5-4C49-A53B-A1274DF36A51}.Debug|x64.Build.0 = Debug|Any CPU
		{C4B885E0-A9F5-4C49-A53B-A1274DF36A51}.Debug|x86.ActiveCfg = Debug|Any CPU
		{C4B885E0-A9F5-4C49-A53B-A1274DF36A51}.Debug|x86.Build.0 = Debug|Any CPU
		{C4B885E0-A9F5-4C49-A53B-A1274DF36A51}.Release|Any CPU.ActiveCfg = Release|Any CPU
		{C4B885E0-A9F5-4C49-A53B-A1274DF36A51}.Release|Any CPU.Build.0 = Release|Any CPU
		{C4B885E0-A9F5-4C49-A53B-A1274DF36A51}.Release|x64.ActiveCfg = Release|Any CPU
		{C4B885E0-A9F5-4C49-A53B-A1274DF36A51}.Release|x64.Build.0 = Release|Any CPU
		{C4B885E0-A9F5-4C49-A53B-A1274DF36A51}.Release|x86.ActiveCfg = Release|Any CPU
		{C4B885E0-A9F5-4C49-A53B-A1274DF36A51}.Release|x86.Build.0 = Release|Any CPU
		{2B31AE5F-11E6-490E-B70A-69FF40D31C76}.Debug|Any CPU.ActiveCfg = Debug|Any CPU
		{2B31AE5F-11E6-490E-B70A-69FF40D31C76}.Debug|Any CPU.Build.0 = Debug|Any CPU
		{2B31AE5F-11E6-490E-B70A-69FF40D31C76}.Debug|x64.ActiveCfg = Debug|Any CPU
		{2B31AE5F-11E6-490E-B70A-69FF40D31C76}.Debug|x64.Build.0 = Debug|Any CPU
		{2B31AE5F-11E6-490E-B70A-69FF40D31C76}.Debug|x86.ActiveCfg = Debug|Any CPU
		{2B31AE5F-11E6-490E-B70A-69FF40D31C76}.Debug|x86.Build.0 = Debug|Any CPU
		{2B31AE5F-11E6-490E-B70A-69FF40D31C76}.Release|Any CPU.ActiveCfg = Release|Any CPU
		{2B31AE5F-11E6-490E-B70A-69FF40D31C76}.Release|Any CPU.Build.0 = Release|Any CPU
		{2B31AE5F-11E6-490E-B70A-69FF40D31C76}.Release|x64.ActiveCfg = Release|Any CPU
		{2B31AE5F-11E6-490E-B70A-69FF40D31C76}.Release|x64.Build.0 = Release|Any CPU
		{2B31AE5F-11E6-490E-B70A-69FF40D31C76}.Release|x86.ActiveCfg = Release|Any CPU
		{2B31AE5F-11E6-490E-B70A-69FF40D31C76}.Release|x86.Build.0 = Release|Any CPU
		{A21EAD38-FA35-440F-8B58-3FA3999A91E9}.Debug|Any CPU.ActiveCfg = Debug|Any CPU
		{A21EAD38-FA35-440F-8B58-3FA3999A91E9}.Debug|Any CPU.Build.0 = Debug|Any CPU
		{A21EAD38-FA35-440F-8B58-3FA3999A91E9}.Debug|x64.ActiveCfg = Debug|Any CPU
		{A21EAD38-FA35-440F-8B58-3FA3999A91E9}.Debug|x64.Build.0 = Debug|Any CPU
		{A21EAD38-FA35-440F-8B58-3FA3999A91E9}.Debug|x86.ActiveCfg = Debug|Any CPU
		{A21EAD38-FA35-440F-8B58-3FA3999A91E9}.Debug|x86.Build.0 = Debug|Any CPU
		{A21EAD38-FA35-440F-8B58-3FA3999A91E9}.Release|Any CPU.ActiveCfg = Release|Any CPU
		{A21EAD38-FA35-440F-8B58-3FA3999A91E9}.Release|Any CPU.Build.0 = Release|Any CPU
		{A21EAD38-FA35-440F-8B58-3FA3999A91E9}.Release|x64.ActiveCfg = Release|Any CPU
		{A21EAD38-FA35-440F-8B58-3FA3999A91E9}.Release|x64.Build.0 = Release|Any CPU
		{A21EAD38-FA35-440F-8B58-3FA3999A91E9}.Release|x86.ActiveCfg = Release|Any CPU
		{A21EAD38-FA35-440F-8B58-3FA3999A91E9}.Release|x86.Build.0 = Release|Any CPU
	EndGlobalSection
	GlobalSection(NestedProjects) = preSolution
		{D0A7514D-F288-4BD8-8F73-5849CF5943D9} = {FC16A82E-404B-47FF-B697-CF83DAD8C637}
		{73FFE172-CA77-4DDC-B748-B2D45334DFC7} = {FC16A82E-404B-47FF-B697-CF83DAD8C637}
		{38B2C4D3-8A9B-4750-8771-7F6B03252077} = {B14318FC-513A-4B00-B523-C16956C9ACB9}
		{94BCC31D-3900-45AA-9AC5-AF782738C667} = {FC16A82E-404B-47FF-B697-CF83DAD8C637}
		{030E8B32-22A3-4E7D-A2B1-CBD63B4A25EA} = {FC16A82E-404B-47FF-B697-CF83DAD8C637}
		{C4B885E0-A9F5-4C49-A53B-A1274DF36A51} = {B14318FC-513A-4B00-B523-C16956C9ACB9}
		{2B31AE5F-11E6-490E-B70A-69FF40D31C76} = {FC16A82E-404B-47FF-B697-CF83DAD8C637}
		{A21EAD38-FA35-440F-8B58-3FA3999A91E9} = {FC16A82E-404B-47FF-B697-CF83DAD8C637}
	EndGlobalSection
EndGlobal
